
Microsoft Visual Studio Solution File, Format Version 12.00
# Visual Studio 15
VisualStudioVersion = 15.0.27130.2036
MinimumVisualStudioVersion = 10.0.40219.1
Project("{FAE04EC0-301F-11D3-BF4B-00C04F79EFBC}") = "PizzaOrder", "PizzaOrder\PizzaOrder.csproj", "{C0CEFEF7-7A4D-4A5C-8360-C935E52C7B23}"
EndProject
Global
	GlobalSection(SolutionConfigurationPlatforms) = preSolution
		Debug|Any CPU = Debug|Any CPU
		Release|Any CPU = Release|Any CPU
	EndGlobalSection
	GlobalSection(ProjectConfigurationPlatforms) = postSolution
		{C0CEFEF7-7A4D-4A5C-8360-C935E52C7B23}.Debug|Any CPU.ActiveCfg = Debug|Any CPU
		{C0CEFEF7-7A4D-4A5C-8360-C935E52C7B23}.Debug|Any CPU.Build.0 = Debug|Any CPU
		{C0CEFEF7-7A4D-4A5C-8360-C935E52C7B23}.Release|Any CPU.ActiveCfg = Release|Any CPU
		{C0CEFEF7-7A4D-4A5C-8360-C935E52C7B23}.Release|Any CPU.Build.0 = Release|Any CPU
	EndGlobalSection
	GlobalSection(SolutionProperties) = preSolution
		HideSolutionNode = FALSE
	EndGlobalSection
	GlobalSection(ExtensibilityGlobals) = postSolution
		SolutionGuid = {6E6BF849-03B1-41B1-9FDD-7105CC3AA529}
	EndGlobalSection
EndGlobal
